
Microsoft Visual Studio Solution File, Format Version 12.00
# Visual Studio Version 17
VisualStudioVersion = 17.10.34928.147
MinimumVisualStudioVersion = 10.0.40219.1
Project("{FAE04EC0-301F-11D3-BF4B-00C04F79EFBC}") = "PetStoreMVCApp", "PetStoreMVCApp\PetStoreMVCApp.csproj", "{09DE384A-E96B-4967-A5EC-1C74F576BD7E}"
EndProject
Global
	GlobalSection(SolutionConfigurationPlatforms) = preSolution
		Debug|Any CPU = Debug|Any CPU
		Release|Any CPU = Release|Any CPU
	EndGlobalSection
	GlobalSection(ProjectConfigurationPlatforms) = postSolution
		{09DE384A-E96B-4967-A5EC-1C74F576BD7E}.Debug|Any CPU.ActiveCfg = Debug|Any CPU
		{09DE384A-E96B-4967-A5EC-1C74F576BD7E}.Debug|Any CPU.Build.0 = Debug|Any CPU
		{09DE384A-E96B-4967-A5EC-1C74F576BD7E}.Release|Any CPU.ActiveCfg = Release|Any CPU
		{09DE384A-E96B-4967-A5EC-1C74F576BD7E}.Release|Any CPU.Build.0 = Release|Any CPU
	EndGlobalSection
	GlobalSection(SolutionProperties) = preSolution
		HideSolutionNode = FALSE
	EndGlobalSection
	GlobalSection(ExtensibilityGlobals) = postSolution
		SolutionGuid = {F3B3581C-C2A6-4CCF-ABC8-C3F80B893E03}
	EndGlobalSection
EndGlobal
